
Microsoft Visual Studio Solution File, Format Version 12.00
# Visual Studio Version 17
VisualStudioVersion = 17.9.34714.143
MinimumVisualStudioVersion = 10.0.40219.1
Project("{9A19103F-16F7-4668-BE54-9A1E7A4F7556}") = "Web", "src\Web\Web.csproj", "{8299C705-ACF7-4862-8185-DF524E7D2585}"
EndProject
Project("{FAE04EC0-301F-11D3-BF4B-00C04F79EFBC}") = "Application", "src\Application\Application.csproj", "{DFA852FC-9E60-4346-A46B-CEB66E3B2861}"
EndProject
Project("{FAE04EC0-301F-11D3-BF4B-00C04F79EFBC}") = "Domain", "src\Domain\Domain.csproj", "{9ECB53CB-2496-4495-85DE-D5F9CD340B92}"
EndProject
Project("{FAE04EC0-301F-11D3-BF4B-00C04F79EFBC}") = "Infrastructure", "src\Infrastructure\Infrastructure.csproj", "{E8C02327-2C92-4295-96B4-85E848A8270D}"
EndProject
Global
	GlobalSection(SolutionConfigurationPlatforms) = preSolution
		Debug|Any CPU = Debug|Any CPU
		Release|Any CPU = Release|Any CPU
	EndGlobalSection
	GlobalSection(ProjectConfigurationPlatforms) = postSolution
		{8299C705-ACF7-4862-8185-DF524E7D2585}.Debug|Any CPU.ActiveCfg = Debug|Any CPU
		{8299C705-ACF7-4862-8185-DF524E7D2585}.Debug|Any CPU.Build.0 = Debug|Any CPU
		{8299C705-ACF7-4862-8185-DF524E7D2585}.Release|Any CPU.ActiveCfg = Release|Any CPU
		{8299C705-ACF7-4862-8185-DF524E7D2585}.Release|Any CPU.Build.0 = Release|Any CPU
		{DFA852FC-9E60-4346-A46B-CEB66E3B2861}.Debug|Any CPU.ActiveCfg = Debug|Any CPU
		{DFA852FC-9E60-4346-A46B-CEB66E3B2861}.Debug|Any CPU.Build.0 = Debug|Any CPU
		{DFA852FC-9E60-4346-A46B-CEB66E3B2861}.Release|Any CPU.ActiveCfg = Release|Any CPU
		{DFA852FC-9E60-4346-A46B-CEB66E3B2861}.Release|Any CPU.Build.0 = Release|Any CPU
		{9ECB53CB-2496-4495-85DE-D5F9CD340B92}.Debug|Any CPU.ActiveCfg = Debug|Any CPU
		{9ECB53CB-2496-4495-85DE-D5F9CD340B92}.Debug|Any CPU.Build.0 = Debug|Any CPU
		{9ECB53CB-2496-4495-85DE-D5F9CD340B92}.Release|Any CPU.ActiveCfg = Release|Any CPU
		{9ECB53CB-2496-4495-85DE-D5F9CD340B92}.Release|Any CPU.Build.0 = Release|Any CPU
		{E8C02327-2C92-4295-96B4-85E848A8270D}.Debug|Any CPU.ActiveCfg = Debug|Any CPU
		{E8C02327-2C92-4295-96B4-85E848A8270D}.Debug|Any CPU.Build.0 = Debug|Any CPU
		{E8C02327-2C92-4295-96B4-85E848A8270D}.Release|Any CPU.ActiveCfg = Release|Any CPU
		{E8C02327-2C92-4295-96B4-85E848A8270D}.Release|Any CPU.Build.0 = Release|Any CPU
	EndGlobalSection
	GlobalSection(SolutionProperties) = preSolution
		HideSolutionNode = FALSE
	EndGlobalSection
	GlobalSection(ExtensibilityGlobals) = postSolution
		SolutionGuid = {315A076D-4A52-4F0A-8D90-D5662BB23390}
	EndGlobalSection
EndGlobal
